<?xml version="1.0" encoding="UTF-8"?>
<!DOCTYPE plist PUBLIC "-//Apple//DTD PLIST 1.0//EN" "http://www.apple.com/DTDs/PropertyList-1.0.dtd">
<plist version="1.0">
<dict>
	<key>archiveVersion</key>
	<string>1</string>
	<key>classes</key>
	<dict/>
	<key>objectVersion</key>
	<string>46</string>
	<key>objects</key>
	<dict>
		<key>1625073318D72D3400BC3A72</key>
		<dict>
			<key>isa</key>
			<string>PBXFileReference</string>
			<key>lastKnownFileType</key>
			<string>image.png</string>
			<key>path</key>
			<string>checklist.png</string>
			<key>sourceTree</key>
			<string>&lt;group&gt;</string>
		</dict>
		<key>1625073418D72D3400BC3A72</key>
		<dict>
			<key>isa</key>
			<string>PBXFileReference</string>
			<key>lastKnownFileType</key>
			<string>image.png</string>
			<key>path</key>
			<string>checklist@2x.png</string>
			<key>sourceTree</key>
			<string>&lt;group&gt;</string>
		</dict>
		<key>1625073518D72D3400BC3A72</key>
		<dict>
			<key>fileRef</key>
			<string>1625073318D72D3400BC3A72</string>
			<key>isa</key>
			<string>PBXBuildFile</string>
		</dict>
		<key>1625073618D72D3400BC3A72</key>
		<dict>
			<key>fileRef</key>
			<string>1625073418D72D3400BC3A72</string>
			<key>isa</key>
			<string>PBXBuildFile</string>
		</dict>
		<key>1625073F18D7358900BC3A72</key>
		<dict>
			<key>isa</key>
			<string>PBXFileReference</string>
			<key>lastKnownFileType</key>
			<string>image.png</string>
			<key>path</key>
			<string>check-no.png</string>
			<key>sourceTree</key>
			<string>&lt;group&gt;</string>
		</dict>
		<key>1625074018D7358900BC3A72</key>
		<dict>
			<key>isa</key>
			<string>PBXFileReference</string>
			<key>lastKnownFileType</key>
			<string>image.png</string>
			<key>path</key>
			<string>check-no@2x.png</string>
			<key>sourceTree</key>
			<string>&lt;group&gt;</string>
		</dict>
		<key>1625074118D7358900BC3A72</key>
		<dict>
			<key>isa</key>
			<string>PBXFileReference</string>
			<key>lastKnownFileType</key>
			<string>image.png</string>
			<key>path</key>
			<string>check-yes.png</string>
			<key>sourceTree</key>
			<string>&lt;group&gt;</string>
		</dict>
		<key>1625074218D7358900BC3A72</key>
		<dict>
			<key>isa</key>
			<string>PBXFileReference</string>
			<key>lastKnownFileType</key>
			<string>image.png</string>
			<key>path</key>
			<string>check-yes@2x.png</string>
			<key>sourceTree</key>
			<string>&lt;group&gt;</string>
		</dict>
		<key>1625074318D7358900BC3A72</key>
		<dict>
			<key>fileRef</key>
			<string>1625073F18D7358900BC3A72</string>
			<key>isa</key>
			<string>PBXBuildFile</string>
		</dict>
		<key>1625074418D7358900BC3A72</key>
		<dict>
			<key>fileRef</key>
			<string>1625074018D7358900BC3A72</string>
			<key>isa</key>
			<string>PBXBuildFile</string>
		</dict>
		<key>1625074518D7358900BC3A72</key>
		<dict>
			<key>fileRef</key>
			<string>1625074118D7358900BC3A72</string>
			<key>isa</key>
			<string>PBXBuildFile</string>
		</dict>
		<key>1625074618D7358900BC3A72</key>
		<dict>
			<key>fileRef</key>
			<string>1625074218D7358900BC3A72</string>
			<key>isa</key>
			<string>PBXBuildFile</string>
		</dict>
		<key>16EF700A18C8259C00F41E9D</key>
		<dict>
			<key>fileEncoding</key>
			<string>4</string>
			<key>isa</key>
			<string>PBXFileReference</string>
			<key>lastKnownFileType</key>
			<string>sourcecode.c.h</string>
			<key>path</key>
			<string>Medication.h</string>
			<key>sourceTree</key>
			<string>&lt;group&gt;</string>
		</dict>
		<key>16EF700B18C8259C00F41E9D</key>
		<dict>
			<key>fileEncoding</key>
			<string>4</string>
			<key>isa</key>
			<string>PBXFileReference</string>
			<key>lastKnownFileType</key>
			<string>sourcecode.c.objc</string>
			<key>path</key>
			<string>Medication.m</string>
			<key>sourceTree</key>
			<string>&lt;group&gt;</string>
		</dict>
		<key>16EF700C18C8259C00F41E9D</key>
		<dict>
			<key>fileRef</key>
			<string>16EF700B18C8259C00F41E9D</string>
			<key>isa</key>
			<string>PBXBuildFile</string>
		</dict>
		<key>27009B6318E2B54800CD95D6</key>
		<dict>
			<key>isa</key>
			<string>PBXFileReference</string>
			<key>lastKnownFileType</key>
			<string>wrapper.framework</string>
			<key>path</key>
			<string>Parse.framework</string>
			<key>sourceTree</key>
			<string>&lt;group&gt;</string>
		</dict>
		<key>27009B6418E2B54800CD95D6</key>
		<dict>
			<key>fileRef</key>
			<string>27009B6318E2B54800CD95D6</string>
			<key>isa</key>
			<string>PBXBuildFile</string>
		</dict>
		<key>27009B6518E2B56200CD95D6</key>
		<dict>
			<key>fileRef</key>
			<string>2704735918B05DCE003AAB09</string>
			<key>isa</key>
			<string>PBXBuildFile</string>
		</dict>
		<key>27009B6618E2B56800CD95D6</key>
		<dict>
			<key>fileRef</key>
			<string>2704735B18B05DD8003AAB09</string>
			<key>isa</key>
			<string>PBXBuildFile</string>
		</dict>
		<key>27009B6718E2B57000CD95D6</key>
		<dict>
			<key>fileRef</key>
			<string>7787CF0418806ECE004F495E</string>
			<key>isa</key>
			<string>PBXBuildFile</string>
		</dict>
		<key>27009B6818E2B57600CD95D6</key>
		<dict>
			<key>fileRef</key>
			<string>2704735D18B05DE4003AAB09</string>
			<key>isa</key>
			<string>PBXBuildFile</string>
		</dict>
		<key>27009B6918E2B58500CD95D6</key>
		<dict>
			<key>fileRef</key>
			<string>2704736118B05DF8003AAB09</string>
			<key>isa</key>
			<string>PBXBuildFile</string>
		</dict>
		<key>27009B6A18E2B58E00CD95D6</key>
		<dict>
			<key>fileRef</key>
			<string>270B4AB118A4360E008578B9</string>
			<key>isa</key>
			<string>PBXBuildFile</string>
		</dict>
		<key>27009B6B18E2B59600CD95D6</key>
		<dict>
			<key>fileRef</key>
			<string>2704736318B05E09003AAB09</string>
			<key>isa</key>
			<string>PBXBuildFile</string>
		</dict>
		<key>27009B6C18E2B59C00CD95D6</key>
		<dict>
			<key>fileRef</key>
			<string>2704736518B05E11003AAB09</string>
			<key>isa</key>
			<string>PBXBuildFile</string>
		</dict>
		<key>27009B6D18E2B6C700CD95D6</key>
		<dict>
			<key>isa</key>
			<string>PBXFileReference</string>
			<key>lastKnownFileType</key>
			<string>wrapper.framework</string>
			<key>path</key>
			<string>PixateFreestyle.framework</string>
			<key>sourceTree</key>
			<string>&lt;group&gt;</string>
		</dict>
		<key>27009B6E18E2B6C700CD95D6</key>
		<dict>
			<key>fileRef</key>
			<string>27009B6D18E2B6C700CD95D6</string>
			<key>isa</key>
			<string>PBXBuildFile</string>
		</dict>
		<key>2704735918B05DCE003AAB09</key>
		<dict>
			<key>isa</key>
			<string>PBXFileReference</string>
			<key>lastKnownFileType</key>
			<string>wrapper.framework</string>
			<key>name</key>
			<string>AudioToolbox.framework</string>
			<key>path</key>
			<string>System/Library/Frameworks/AudioToolbox.framework</string>
			<key>sourceTree</key>
			<string>SDKROOT</string>
		</dict>
		<key>2704735B18B05DD8003AAB09</key>
		<dict>
			<key>isa</key>
			<string>PBXFileReference</string>
			<key>lastKnownFileType</key>
			<string>wrapper.framework</string>
			<key>name</key>
			<string>CFNetwork.framework</string>
			<key>path</key>
			<string>System/Library/Frameworks/CFNetwork.framework</string>
			<key>sourceTree</key>
			<string>SDKROOT</string>
		</dict>
		<key>2704735D18B05DE4003AAB09</key>
		<dict>
			<key>isa</key>
			<string>PBXFileReference</string>
			<key>lastKnownFileType</key>
			<string>wrapper.framework</string>
			<key>name</key>
			<string>CoreLocation.framework</string>
			<key>path</key>
			<string>System/Library/Frameworks/CoreLocation.framework</string>
			<key>sourceTree</key>
			<string>SDKROOT</string>
		</dict>
		<key>2704735F18B05DEF003AAB09</key>
		<dict>
			<key>isa</key>
			<string>PBXFileReference</string>
			<key>lastKnownFileType</key>
			<string>compiled.mach-o.dylib</string>
			<key>name</key>
			<string>libz.dylib</string>
			<key>path</key>
			<string>usr/lib/libz.dylib</string>
			<key>sourceTree</key>
			<string>SDKROOT</string>
		</dict>
		<key>2704736018B05DEF003AAB09</key>
		<dict>
			<key>fileRef</key>
			<string>2704735F18B05DEF003AAB09</string>
			<key>isa</key>
			<string>PBXBuildFile</string>
		</dict>
		<key>2704736118B05DF8003AAB09</key>
		<dict>
			<key>isa</key>
			<string>PBXFileReference</string>
			<key>lastKnownFileType</key>
			<string>wrapper.framework</string>
			<key>name</key>
			<string>MobileCoreServices.framework</string>
			<key>path</key>
			<string>System/Library/Frameworks/MobileCoreServices.framework</string>
			<key>sourceTree</key>
			<string>SDKROOT</string>
		</dict>
		<key>2704736318B05E09003AAB09</key>
		<dict>
			<key>isa</key>
			<string>PBXFileReference</string>
			<key>lastKnownFileType</key>
			<string>wrapper.framework</string>
			<key>name</key>
			<string>Security.framework</string>
			<key>path</key>
			<string>System/Library/Frameworks/Security.framework</string>
			<key>sourceTree</key>
			<string>SDKROOT</string>
		</dict>
		<key>2704736518B05E11003AAB09</key>
		<dict>
			<key>isa</key>
			<string>PBXFileReference</string>
			<key>lastKnownFileType</key>
			<string>wrapper.framework</string>
			<key>name</key>
			<string>StoreKit.framework</string>
			<key>path</key>
			<string>System/Library/Frameworks/StoreKit.framework</string>
			<key>sourceTree</key>
			<string>SDKROOT</string>
		</dict>
		<key>2704736718B05E20003AAB09</key>
		<dict>
			<key>isa</key>
			<string>PBXFileReference</string>
			<key>lastKnownFileType</key>
			<string>wrapper.framework</string>
			<key>name</key>
			<string>SystemConfiguration.framework</string>
			<key>path</key>
			<string>System/Library/Frameworks/SystemConfiguration.framework</string>
			<key>sourceTree</key>
			<string>SDKROOT</string>
		</dict>
		<key>2704736818B05E20003AAB09</key>
		<dict>
			<key>fileRef</key>
			<string>2704736718B05E20003AAB09</string>
			<key>isa</key>
			<string>PBXBuildFile</string>
		</dict>
		<key>270B4AAF18A43606008578B9</key>
		<dict>
			<key>isa</key>
			<string>PBXFileReference</string>
			<key>lastKnownFileType</key>
			<string>wrapper.framework</string>
			<key>name</key>
			<string>CoreText.framework</string>
			<key>path</key>
			<string>System/Library/Frameworks/CoreText.framework</string>
			<key>sourceTree</key>
			<string>SDKROOT</string>
		</dict>
		<key>270B4AB118A4360E008578B9</key>
		<dict>
			<key>isa</key>
			<string>PBXFileReference</string>
			<key>lastKnownFileType</key>
			<string>wrapper.framework</string>
			<key>name</key>
			<string>QuartzCore.framework</string>
			<key>path</key>
			<string>System/Library/Frameworks/QuartzCore.framework</string>
			<key>sourceTree</key>
			<string>SDKROOT</string>
		</dict>
		<key>270DB5341887201600573F3F</key>
		<dict>
			<key>fileEncoding</key>
			<string>4</string>
			<key>isa</key>
			<string>PBXFileReference</string>
			<key>lastKnownFileType</key>
			<string>sourcecode.c.objc</string>
			<key>path</key>
			<string>Common.m</string>
			<key>sourceTree</key>
			<string>&lt;group&gt;</string>
		</dict>
		<key>270DB5351887201600573F3F</key>
		<dict>
			<key>fileRef</key>
			<string>270DB5341887201600573F3F</string>
			<key>isa</key>
			<string>PBXBuildFile</string>
		</dict>
		<key>270DB5361887201600573F3F</key>
		<dict>
			<key>fileRef</key>
			<string>270DB5341887201600573F3F</string>
			<key>isa</key>
			<string>PBXBuildFile</string>
		</dict>
		<key>271043E018E30C44003D1740</key>
		<dict>
			<key>children</key>
			<array>
				<string>271043E118E30C6B003D1740</string>
			</array>
			<key>isa</key>
			<string>PBXGroup</string>
			<key>name</key>
			<string>Libraries</string>
			<key>sourceTree</key>
			<string>&lt;group&gt;</string>
		</dict>
		<key>271043E118E30C6B003D1740</key>
		<dict>
			<key>children</key>
			<array>
				<string>271043E218E30C6B003D1740</string>
				<string>271043E318E30C6B003D1740</string>
				<string>271043E418E30C6B003D1740</string>
				<string>271043E518E30C6B003D1740</string>
				<string>271043E618E30C6B003D1740</string>
				<string>271043E718E30C6B003D1740</string>
				<string>271043E818E30C6B003D1740</string>
			</array>
			<key>isa</key>
			<string>PBXGroup</string>
			<key>path</key>
			<string>Classes</string>
			<key>sourceTree</key>
			<string>&lt;group&gt;</string>
		</dict>
		<key>271043E218E30C6B003D1740</key>
		<dict>
			<key>fileEncoding</key>
			<string>4</string>
			<key>isa</key>
			<string>PBXFileReference</string>
			<key>lastKnownFileType</key>
			<string>sourcecode.c.h</string>
			<key>path</key>
			<string>JBBarChartView.h</string>
			<key>sourceTree</key>
			<string>&lt;group&gt;</string>
		</dict>
		<key>271043E318E30C6B003D1740</key>
		<dict>
			<key>fileEncoding</key>
			<string>4</string>
			<key>isa</key>
			<string>PBXFileReference</string>
			<key>lastKnownFileType</key>
			<string>sourcecode.c.objc</string>
			<key>path</key>
			<string>JBBarChartView.m</string>
			<key>sourceTree</key>
			<string>&lt;group&gt;</string>
		</dict>
		<key>271043E418E30C6B003D1740</key>
		<dict>
			<key>fileEncoding</key>
			<string>4</string>
			<key>isa</key>
			<string>PBXFileReference</string>
			<key>lastKnownFileType</key>
			<string>sourcecode.c.h</string>
			<key>path</key>
			<string>JBChartView.h</string>
			<key>sourceTree</key>
			<string>&lt;group&gt;</string>
		</dict>
		<key>271043E518E30C6B003D1740</key>
		<dict>
			<key>fileEncoding</key>
			<string>4</string>
			<key>isa</key>
			<string>PBXFileReference</string>
			<key>lastKnownFileType</key>
			<string>sourcecode.c.objc</string>
			<key>path</key>
			<string>JBChartView.m</string>
			<key>sourceTree</key>
			<string>&lt;group&gt;</string>
		</dict>
		<key>271043E618E30C6B003D1740</key>
		<dict>
			<key>fileEncoding</key>
			<string>4</string>
			<key>isa</key>
			<string>PBXFileReference</string>
			<key>lastKnownFileType</key>
			<string>text</string>
			<key>path</key>
			<string>JBChartView.podspec</string>
			<key>sourceTree</key>
			<string>&lt;group&gt;</string>
		</dict>
		<key>271043E718E30C6B003D1740</key>
		<dict>
			<key>fileEncoding</key>
			<string>4</string>
			<key>isa</key>
			<string>PBXFileReference</string>
			<key>lastKnownFileType</key>
			<string>sourcecode.c.h</string>
			<key>path</key>
			<string>JBLineChartView.h</string>
			<key>sourceTree</key>
			<string>&lt;group&gt;</string>
		</dict>
		<key>271043E818E30C6B003D1740</key>
		<dict>
			<key>fileEncoding</key>
			<string>4</string>
			<key>isa</key>
			<string>PBXFileReference</string>
			<key>lastKnownFileType</key>
			<string>sourcecode.c.objc</string>
			<key>path</key>
			<string>JBLineChartView.m</string>
			<key>sourceTree</key>
			<string>&lt;group&gt;</string>
		</dict>
		<key>271043E918E30C6B003D1740</key>
		<dict>
			<key>fileRef</key>
			<string>271043E318E30C6B003D1740</string>
			<key>isa</key>
			<string>PBXBuildFile</string>
		</dict>
		<key>271043EA18E30C6B003D1740</key>
		<dict>
			<key>fileRef</key>
			<string>271043E518E30C6B003D1740</string>
			<key>isa</key>
			<string>PBXBuildFile</string>
		</dict>
		<key>271043EB18E30C6B003D1740</key>
		<dict>
			<key>fileRef</key>
			<string>271043E618E30C6B003D1740</string>
			<key>isa</key>
			<string>PBXBuildFile</string>
		</dict>
		<key>271043EC18E30C6B003D1740</key>
		<dict>
			<key>fileRef</key>
			<string>271043E818E30C6B003D1740</string>
			<key>isa</key>
			<string>PBXBuildFile</string>
		</dict>
		<key>271043F918E30D58003D1740</key>
		<dict>
			<key>isa</key>
			<string>PBXFileReference</string>
			<key>lastKnownFileType</key>
			<string>wrapper.framework</string>
			<key>path</key>
			<string>FacebookSDK.framework</string>
			<key>sourceTree</key>
			<string>&lt;group&gt;</string>
		</dict>
		<key>271043FA18E30D58003D1740</key>
		<dict>
			<key>fileRef</key>
			<string>271043F918E30D58003D1740</string>
			<key>isa</key>
			<string>PBXBuildFile</string>
		</dict>
		<key>2720373218A306AF000BC38A</key>
		<dict>
			<key>children</key>
			<array>
				<string>27AC453418DD42FB003A4070</string>
				<string>27AC453518DD42FB003A4070</string>
				<string>7749F73318CD486600B582C0</string>
				<string>7749F73418CD486600B582C0</string>
			</array>
			<key>isa</key>
			<string>PBXGroup</string>
			<key>name</key>
			<string>iPhone View Controllers</string>
			<key>sourceTree</key>
			<string>&lt;group&gt;</string>
		</dict>
		<key>2720373318A306D3000BC38A</key>
		<dict>
			<key>fileEncoding</key>
			<string>4</string>
			<key>isa</key>
			<string>PBXFileReference</string>
			<key>lastKnownFileType</key>
			<string>sourcecode.c.h</string>
			<key>path</key>
			<string>AMBaseViewController.h</string>
			<key>sourceTree</key>
			<string>&lt;group&gt;</string>
		</dict>
		<key>2720373418A306D3000BC38A</key>
		<dict>
			<key>fileEncoding</key>
			<string>4</string>
			<key>isa</key>
			<string>PBXFileReference</string>
			<key>lastKnownFileType</key>
			<string>sourcecode.c.objc</string>
			<key>path</key>
			<string>AMBaseViewController.m</string>
			<key>sourceTree</key>
			<string>&lt;group&gt;</string>
		</dict>
		<key>2720373518A306D3000BC38A</key>
		<dict>
			<key>fileRef</key>
			<string>2720373418A306D3000BC38A</string>
			<key>isa</key>
			<string>PBXBuildFile</string>
		</dict>
		<key>272B452318E20CF7005F0032</key>
		<dict>
			<key>fileEncoding</key>
			<string>4</string>
			<key>isa</key>
			<string>PBXFileReference</string>
			<key>lastKnownFileType</key>
			<string>sourcecode.c.h</string>
			<key>path</key>
			<string>AMiPadChartViewController.h</string>
			<key>sourceTree</key>
			<string>&lt;group&gt;</string>
		</dict>
		<key>272B452418E20CF7005F0032</key>
		<dict>
			<key>fileEncoding</key>
			<string>4</string>
			<key>isa</key>
			<string>PBXFileReference</string>
			<key>lastKnownFileType</key>
			<string>sourcecode.c.objc</string>
			<key>path</key>
			<string>AMiPadChartViewController.m</string>
			<key>sourceTree</key>
			<string>&lt;group&gt;</string>
		</dict>
		<key>272B452518E20CF7005F0032</key>
		<dict>
			<key>fileRef</key>
			<string>272B452418E20CF7005F0032</string>
			<key>isa</key>
			<string>PBXBuildFile</string>
		</dict>
		<key>2783BC5518D58B8C008E9790</key>
		<dict>
			<key>fileEncoding</key>
			<string>4</string>
			<key>isa</key>
			<string>PBXFileReference</string>
			<key>lastKnownFileType</key>
			<string>file.storyboard</string>
			<key>path</key>
			<string>Main_iPhone.storyboard</string>
			<key>sourceTree</key>
			<string>&lt;group&gt;</string>
		</dict>
		<key>2783BC5618D58B8C008E9790</key>
		<dict>
			<key>fileRef</key>
			<string>2783BC5518D58B8C008E9790</string>
			<key>isa</key>
			<string>PBXBuildFile</string>
		</dict>
		<key>2783BC5718D58F56008E9790</key>
		<dict>
			<key>fileEncoding</key>
			<string>4</string>
			<key>isa</key>
			<string>PBXFileReference</string>
			<key>lastKnownFileType</key>
			<string>sourcecode.c.h</string>
			<key>path</key>
			<string>AMCheckListTableViewController.h</string>
			<key>sourceTree</key>
			<string>&lt;group&gt;</string>
		</dict>
		<key>2783BC5818D58F56008E9790</key>
		<dict>
			<key>fileEncoding</key>
			<string>4</string>
			<key>isa</key>
			<string>PBXFileReference</string>
			<key>lastKnownFileType</key>
			<string>sourcecode.c.objc</string>
			<key>path</key>
			<string>AMCheckListTableViewController.m</string>
			<key>sourceTree</key>
			<string>&lt;group&gt;</string>
		</dict>
		<key>2783BC5918D58F56008E9790</key>
		<dict>
			<key>fileRef</key>
			<string>2783BC5818D58F56008E9790</string>
			<key>isa</key>
			<string>PBXBuildFile</string>
		</dict>
		<key>2786509D18B59B6C00EA6E2F</key>
		<dict>
			<key>isa</key>
			<string>PBXFileReference</string>
			<key>lastKnownFileType</key>
			<string>image.png</string>
			<key>path</key>
			<string>cloud.png</string>
			<key>sourceTree</key>
			<string>&lt;group&gt;</string>
		</dict>
		<key>2786509E18B59B6C00EA6E2F</key>
		<dict>
			<key>isa</key>
			<string>PBXFileReference</string>
			<key>lastKnownFileType</key>
			<string>image.png</string>
			<key>path</key>
			<string>cloud@2x.png</string>
			<key>sourceTree</key>
			<string>&lt;group&gt;</string>
		</dict>
		<key>2786509F18B59B6C00EA6E2F</key>
		<dict>
			<key>fileRef</key>
			<string>2786509D18B59B6C00EA6E2F</string>
			<key>isa</key>
			<string>PBXBuildFile</string>
		</dict>
		<key>278650A018B59B6C00EA6E2F</key>
		<dict>
			<key>fileRef</key>
			<string>2786509E18B59B6C00EA6E2F</string>
			<key>isa</key>
			<string>PBXBuildFile</string>
		</dict>
		<key>27A6619A18B080EC00E4AE0D</key>
		<dict>
			<key>fileEncoding</key>
			<string>4</string>
			<key>isa</key>
			<string>PBXFileReference</string>
			<key>lastKnownFileType</key>
			<string>sourcecode.c.h</string>
			<key>path</key>
			<string>AMSliderMenuViewController.h</string>
			<key>sourceTree</key>
			<string>&lt;group&gt;</string>
		</dict>
		<key>27A6619B18B080EC00E4AE0D</key>
		<dict>
			<key>fileEncoding</key>
			<string>4</string>
			<key>isa</key>
			<string>PBXFileReference</string>
			<key>lastKnownFileType</key>
			<string>sourcecode.c.objc</string>
			<key>path</key>
			<string>AMSliderMenuViewController.m</string>
			<key>sourceTree</key>
			<string>&lt;group&gt;</string>
		</dict>
		<key>27A6619C18B080EC00E4AE0D</key>
		<dict>
			<key>fileRef</key>
			<string>27A6619B18B080EC00E4AE0D</string>
			<key>isa</key>
			<string>PBXBuildFile</string>
		</dict>
		<key>27A6AED818CD720E0055CCED</key>
		<dict>
			<key>isa</key>
			<string>PBXFileReference</string>
			<key>lastKnownFileType</key>
			<string>image.png</string>
			<key>path</key>
			<string>arrow-up.png</string>
			<key>sourceTree</key>
			<string>&lt;group&gt;</string>
		</dict>
		<key>27A6AED918CD720E0055CCED</key>
		<dict>
			<key>fileRef</key>
			<string>27A6AED818CD720E0055CCED</string>
			<key>isa</key>
			<string>PBXBuildFile</string>
		</dict>
		<key>27A9690E18B06D010010A721</key>
		<dict>
			<key>fileEncoding</key>
			<string>4</string>
			<key>isa</key>
			<string>PBXFileReference</string>
			<key>lastKnownFileType</key>
			<string>sourcecode.c.h</string>
			<key>path</key>
			<string>SWRevealViewController.h</string>
			<key>sourceTree</key>
			<string>&lt;group&gt;</string>
		</dict>
		<key>27A9690F18B06D010010A721</key>
		<dict>
			<key>fileEncoding</key>
			<string>4</string>
			<key>isa</key>
			<string>PBXFileReference</string>
			<key>lastKnownFileType</key>
			<string>sourcecode.c.objc</string>
			<key>path</key>
			<string>SWRevealViewController.m</string>
			<key>sourceTree</key>
			<string>&lt;group&gt;</string>
		</dict>
		<key>27A9691018B06D010010A721</key>
		<dict>
			<key>fileRef</key>
			<string>27A9690F18B06D010010A721</string>
			<key>isa</key>
			<string>PBXBuildFile</string>
		</dict>
		<key>27A97DA618DD5C94006AAA38</key>
		<dict>
			<key>fileEncoding</key>
			<string>4</string>
			<key>isa</key>
			<string>PBXFileReference</string>
			<key>lastKnownFileType</key>
			<string>sourcecode.c.h</string>
			<key>path</key>
			<string>Performance.h</string>
			<key>sourceTree</key>
			<string>&lt;group&gt;</string>
		</dict>
		<key>27A97DA718DD5C94006AAA38</key>
		<dict>
			<key>fileEncoding</key>
			<string>4</string>
			<key>isa</key>
			<string>PBXFileReference</string>
			<key>lastKnownFileType</key>
			<string>sourcecode.c.objc</string>
			<key>path</key>
			<string>Performance.m</string>
			<key>sourceTree</key>
			<string>&lt;group&gt;</string>
		</dict>
		<key>27A97DA818DD5C94006AAA38</key>
		<dict>
			<key>fileRef</key>
			<string>27A97DA718DD5C94006AAA38</string>
			<key>isa</key>
			<string>PBXBuildFile</string>
		</dict>
		<key>27AB0EFC18C5253900A99048</key>
		<dict>
			<key>fileEncoding</key>
			<string>4</string>
			<key>isa</key>
			<string>PBXFileReference</string>
			<key>lastKnownFileType</key>
			<string>sourcecode.c.h</string>
			<key>path</key>
			<string>OperatingProcedure.h</string>
			<key>sourceTree</key>
			<string>&lt;group&gt;</string>
		</dict>
		<key>27AB0EFD18C5253900A99048</key>
		<dict>
			<key>fileEncoding</key>
			<string>4</string>
			<key>isa</key>
			<string>PBXFileReference</string>
			<key>lastKnownFileType</key>
			<string>sourcecode.c.objc</string>
			<key>path</key>
			<string>OperatingProcedure.m</string>
			<key>sourceTree</key>
			<string>&lt;group&gt;</string>
		</dict>
		<key>27AB0EFE18C5253900A99048</key>
		<dict>
			<key>fileRef</key>
			<string>27AB0EFD18C5253900A99048</string>
			<key>isa</key>
			<string>PBXBuildFile</string>
		</dict>
		<key>27AB18F318DD46C0004673CE</key>
		<dict>
			<key>children</key>
			<array>
				<string>27B2500518E2899800A5AFD7</string>
				<string>27B2500618E2899800A5AFD7</string>
			</array>
			<key>isa</key>
			<string>PBXGroup</string>
			<key>name</key>
			<string>Views</string>
			<key>sourceTree</key>
			<string>&lt;group&gt;</string>
		</dict>
		<key>27AC453418DD42FB003A4070</key>
		<dict>
			<key>fileEncoding</key>
			<string>4</string>
			<key>isa</key>
			<string>PBXFileReference</string>
			<key>lastKnownFileType</key>
			<string>sourcecode.c.h</string>
			<key>path</key>
			<string>AMiPHoneChartViewController.h</string>
			<key>sourceTree</key>
			<string>&lt;group&gt;</string>
		</dict>
		<key>27AC453518DD42FB003A4070</key>
		<dict>
			<key>fileEncoding</key>
			<string>4</string>
			<key>isa</key>
			<string>PBXFileReference</string>
			<key>lastKnownFileType</key>
			<string>sourcecode.c.objc</string>
			<key>path</key>
			<string>AMiPHoneChartViewController.m</string>
			<key>sourceTree</key>
			<string>&lt;group&gt;</string>
		</dict>
		<key>27AC453618DD42FB003A4070</key>
		<dict>
			<key>fileRef</key>
			<string>27AC453518DD42FB003A4070</string>
			<key>isa</key>
			<string>PBXBuildFile</string>
		</dict>
		<key>27AC965318DD329000CDFA93</key>
		<dict>
			<key>fileEncoding</key>
			<string>4</string>
			<key>isa</key>
			<string>PBXFileReference</string>
			<key>lastKnownFileType</key>
			<string>text.plist.xml</string>
			<key>path</key>
			<string>NavigationControllerData.plist</string>
			<key>sourceTree</key>
			<string>&lt;group&gt;</string>
		</dict>
		<key>27AC965418DD329000CDFA93</key>
		<dict>
			<key>fileRef</key>
			<string>27AC965318DD329000CDFA93</string>
			<key>isa</key>
			<string>PBXBuildFile</string>
		</dict>
		<key>27ADD93818CCC97E0074CE1B</key>
		<dict>
			<key>fileEncoding</key>
			<string>4</string>
			<key>isa</key>
			<string>PBXFileReference</string>
			<key>lastKnownFileType</key>
			<string>sourcecode.c.h</string>
			<key>path</key>
			<string>AMFolderViewController.h</string>
			<key>sourceTree</key>
			<string>&lt;group&gt;</string>
		</dict>
		<key>27ADD93918CCC97E0074CE1B</key>
		<dict>
			<key>fileEncoding</key>
			<string>4</string>
			<key>isa</key>
			<string>PBXFileReference</string>
			<key>lastKnownFileType</key>
			<string>sourcecode.c.objc</string>
			<key>path</key>
			<string>AMFolderViewController.m</string>
			<key>sourceTree</key>
			<string>&lt;group&gt;</string>
		</dict>
		<key>27ADD93A18CCC97E0074CE1B</key>
		<dict>
			<key>fileRef</key>
			<string>27ADD93918CCC97E0074CE1B</string>
			<key>isa</key>
			<string>PBXBuildFile</string>
		</dict>
		<key>27B2500518E2899800A5AFD7</key>
		<dict>
			<key>fileEncoding</key>
			<string>4</string>
			<key>isa</key>
			<string>PBXFileReference</string>
			<key>lastKnownFileType</key>
			<string>sourcecode.c.h</string>
			<key>path</key>
			<string>AMDocumentCellView.h</string>
			<key>sourceTree</key>
			<string>&lt;group&gt;</string>
		</dict>
		<key>27B2500618E2899800A5AFD7</key>
		<dict>
			<key>fileEncoding</key>
			<string>4</string>
			<key>isa</key>
			<string>PBXFileReference</string>
			<key>lastKnownFileType</key>
			<string>sourcecode.c.objc</string>
			<key>path</key>
			<string>AMDocumentCellView.m</string>
			<key>sourceTree</key>
			<string>&lt;group&gt;</string>
		</dict>
		<key>27B2500718E2899800A5AFD7</key>
		<dict>
			<key>fileRef</key>
			<string>27B2500618E2899800A5AFD7</string>
			<key>isa</key>
			<string>PBXBuildFile</string>
		</dict>
		<key>27B2500818E296E000A5AFD7</key>
		<dict>
			<key>fileEncoding</key>
			<string>4</string>
			<key>isa</key>
			<string>PBXFileReference</string>
			<key>lastKnownFileType</key>
			<string>sourcecode.c.h</string>
			<key>path</key>
			<string>Folder.h</string>
			<key>sourceTree</key>
			<string>&lt;group&gt;</string>
		</dict>
		<key>27B2500918E296E000A5AFD7</key>
		<dict>
			<key>fileEncoding</key>
			<string>4</string>
			<key>isa</key>
			<string>PBXFileReference</string>
			<key>lastKnownFileType</key>
			<string>sourcecode.c.objc</string>
			<key>path</key>
			<string>Folder.m</string>
			<key>sourceTree</key>
			<string>&lt;group&gt;</string>
		</dict>
		<key>27B2500A18E296E000A5AFD7</key>
		<dict>
			<key>fileRef</key>
			<string>27B2500918E296E000A5AFD7</string>
			<key>isa</key>
			<string>PBXBuildFile</string>
		</dict>
		<key>27B3799318E253A800244754</key>
		<dict>
			<key>fileEncoding</key>
			<string>4</string>
			<key>isa</key>
			<string>PBXFileReference</string>
			<key>lastKnownFileType</key>
			<string>sourcecode.c.h</string>
			<key>path</key>
			<string>AMDocumentViewController.h</string>
			<key>sourceTree</key>
			<string>&lt;group&gt;</string>
		</dict>
		<key>27B3799418E253A800244754</key>
		<dict>
			<key>fileEncoding</key>
			<string>4</string>
			<key>isa</key>
			<string>PBXFileReference</string>
			<key>lastKnownFileType</key>
			<string>sourcecode.c.objc</string>
			<key>path</key>
			<string>AMDocumentViewController.m</string>
			<key>sourceTree</key>
			<string>&lt;group&gt;</string>
		</dict>
		<key>27B3799518E253A800244754</key>
		<dict>
			<key>fileRef</key>
			<string>27B3799418E253A800244754</string>
			<key>isa</key>
			<string>PBXBuildFile</string>
		</dict>
		<key>27B3799618E2604400244754</key>
		<dict>
			<key>isa</key>
			<string>PBXFileReference</string>
			<key>lastKnownFileType</key>
			<string>image.jpeg</string>
			<key>path</key>
			<string>helicopter.jpg</string>
			<key>sourceTree</key>
			<string>&lt;group&gt;</string>
		</dict>
		<key>27B3799718E2604400244754</key>
		<dict>
			<key>fileRef</key>
			<string>27B3799618E2604400244754</string>
			<key>isa</key>
			<string>PBXBuildFile</string>
		</dict>
		<key>27C8060018A443CF00243EB1</key>
		<dict>
			<key>children</key>
			<array>
				<string>7720280218B12933002302A4</string>
				<string>27C8060118A443CF00243EB1</string>
			</array>
			<key>isa</key>
			<string>PBXGroup</string>
			<key>name</key>
			<string>css</string>
			<key>path</key>
			<string>../css</string>
			<key>sourceTree</key>
			<string>&lt;group&gt;</string>
		</dict>
		<key>27C8060118A443CF00243EB1</key>
		<dict>
			<key>fileEncoding</key>
			<string>4</string>
			<key>isa</key>
			<string>PBXFileReference</string>
			<key>lastKnownFileType</key>
			<string>text.css</string>
			<key>path</key>
			<string>default.css</string>
			<key>sourceTree</key>
			<string>&lt;group&gt;</string>
		</dict>
		<key>27C8060218A443CF00243EB1</key>
		<dict>
			<key>fileRef</key>
			<string>27C8060118A443CF00243EB1</string>
			<key>isa</key>
			<string>PBXBuildFile</string>
		</dict>
		<key>27CB389618DD2D3C00F43680</key>
		<dict>
			<key>fileEncoding</key>
			<string>4</string>
			<key>isa</key>
			<string>PBXFileReference</string>
			<key>lastKnownFileType</key>
			<string>sourcecode.c.h</string>
			<key>path</key>
			<string>OBImpression.h</string>
			<key>sourceTree</key>
			<string>&lt;group&gt;</string>
		</dict>
		<key>27CB389718DD2D3C00F43680</key>
		<dict>
			<key>fileEncoding</key>
			<string>4</string>
			<key>isa</key>
			<string>PBXFileReference</string>
			<key>lastKnownFileType</key>
			<string>sourcecode.c.objc</string>
			<key>path</key>
			<string>OBImpression.m</string>
			<key>sourceTree</key>
			<string>&lt;group&gt;</string>
		</dict>
		<key>27CB389818DD2D3C00F43680</key>
		<dict>
			<key>fileRef</key>
			<string>27CB389718DD2D3C00F43680</string>
			<key>isa</key>
			<string>PBXBuildFile</string>
		</dict>
		<key>27CDBCB61880948A000960F3</key>
		<dict>
			<key>fileEncoding</key>
			<string>4</string>
			<key>isa</key>
			<string>PBXFileReference</string>
			<key>lastKnownFileType</key>
			<string>file.storyboard</string>
			<key>path</key>
			<string>Main_iPad.storyboard</string>
			<key>sourceTree</key>
			<string>&lt;group&gt;</string>
		</dict>
		<key>27CDBCB71880948A000960F3</key>
		<dict>
			<key>fileRef</key>
			<string>27CDBCB61880948A000960F3</string>
			<key>isa</key>
			<string>PBXBuildFile</string>
		</dict>
		<key>27CDBCB9188095EE000960F3</key>
		<dict>
			<key>children</key>
			<array>
				<string>7749F73618CD50A400B582C0</string>
				<string>7749F73718CD50A400B582C0</string>
				<string>7749F73818CD50A400B582C0</string>
				<string>7749F73918CD50A400B582C0</string>
				<string>27AB0EFC18C5253900A99048</string>
				<string>27AB0EFD18C5253900A99048</string>
				<string>16EF700A18C8259C00F41E9D</string>
				<string>16EF700B18C8259C00F41E9D</string>
				<string>27CB389618DD2D3C00F43680</string>
				<string>27CB389718DD2D3C00F43680</string>
				<string>27A97DA618DD5C94006AAA38</string>
				<string>27A97DA718DD5C94006AAA38</string>
				<string>27B2500818E296E000A5AFD7</string>
				<string>27B2500918E296E000A5AFD7</string>
			</array>
			<key>isa</key>
			<string>PBXGroup</string>
			<key>name</key>
			<string>Models</string>
			<key>sourceTree</key>
			<string>&lt;group&gt;</string>
		</dict>
		<key>27CDBCBA188095FC000960F3</key>
		<dict>
			<key>children</key>
			<array>
				<string>7749F73F18CD7CBB00B582C0</string>
				<string>7749F74018CD7CBB00B582C0</string>
				<string>272B452318E20CF7005F0032</string>
				<string>272B452418E20CF7005F0032</string>
			</array>
			<key>isa</key>
			<string>PBXGroup</string>
			<key>name</key>
			<string>iPad View Controllers</string>
			<key>sourceTree</key>
			<string>&lt;group&gt;</string>
		</dict>
		<key>27CDBCBB18809633000960F3</key>
		<dict>
			<key>children</key>
			<array>
				<string>2783BC5518D58B8C008E9790</string>
				<string>27CDBCB61880948A000960F3</string>
			</array>
			<key>isa</key>
			<string>PBXGroup</string>
			<key>name</key>
			<string>User Interface</string>
			<key>sourceTree</key>
			<string>&lt;group&gt;</string>
		</dict>
		<key>27F94E0818B41DB6001F8F4F</key>
		<dict>
			<key>fileEncoding</key>
			<string>4</string>
			<key>isa</key>
			<string>PBXFileReference</string>
			<key>lastKnownFileType</key>
			<string>sourcecode.c.h</string>
			<key>path</key>
			<string>AMSplashScreenViewController.h</string>
			<key>sourceTree</key>
			<string>&lt;group&gt;</string>
		</dict>
		<key>27F94E0918B41DB6001F8F4F</key>
		<dict>
			<key>fileEncoding</key>
			<string>4</string>
			<key>isa</key>
			<string>PBXFileReference</string>
			<key>lastKnownFileType</key>
			<string>sourcecode.c.objc</string>
			<key>path</key>
			<string>AMSplashScreenViewController.m</string>
			<key>sourceTree</key>
			<string>&lt;group&gt;</string>
		</dict>
		<key>27F94E0A18B41DB6001F8F4F</key>
		<dict>
			<key>fileRef</key>
			<string>27F94E0918B41DB6001F8F4F</string>
			<key>isa</key>
			<string>PBXBuildFile</string>
		</dict>
		<key>27F94E0B18B424A3001F8F4F</key>
		<dict>
			<key>fileEncoding</key>
			<string>4</string>
			<key>isa</key>
			<string>PBXFileReference</string>
			<key>lastKnownFileType</key>
			<string>sourcecode.c.h</string>
			<key>path</key>
			<string>AMSignupViewController.h</string>
			<key>sourceTree</key>
			<string>&lt;group&gt;</string>
		</dict>
		<key>27F94E0C18B424A3001F8F4F</key>
		<dict>
			<key>fileEncoding</key>
			<string>4</string>
			<key>isa</key>
			<string>PBXFileReference</string>
			<key>lastKnownFileType</key>
			<string>sourcecode.c.objc</string>
			<key>path</key>
			<string>AMSignupViewController.m</string>
			<key>sourceTree</key>
			<string>&lt;group&gt;</string>
		</dict>
		<key>27F94E0D18B424A3001F8F4F</key>
		<dict>
			<key>fileRef</key>
			<string>27F94E0C18B424A3001F8F4F</string>
			<key>isa</key>
			<string>PBXBuildFile</string>
		</dict>
		<key>27F94E0E18B424C2001F8F4F</key>
		<dict>
			<key>fileEncoding</key>
			<string>4</string>
			<key>isa</key>
			<string>PBXFileReference</string>
			<key>lastKnownFileType</key>
			<string>sourcecode.c.h</string>
			<key>path</key>
			<string>AMLoginViewController.h</string>
			<key>sourceTree</key>
			<string>&lt;group&gt;</string>
		</dict>
		<key>27F94E0F18B424C2001F8F4F</key>
		<dict>
			<key>fileEncoding</key>
			<string>4</string>
			<key>isa</key>
			<string>PBXFileReference</string>
			<key>lastKnownFileType</key>
			<string>sourcecode.c.objc</string>
			<key>path</key>
			<string>AMLoginViewController.m</string>
			<key>sourceTree</key>
			<string>&lt;group&gt;</string>
		</dict>
		<key>27F94E1018B424C2001F8F4F</key>
		<dict>
			<key>fileRef</key>
			<string>27F94E0F18B424C2001F8F4F</string>
			<key>isa</key>
			<string>PBXBuildFile</string>
		</dict>
		<key>7720280218B12933002302A4</key>
		<dict>
			<key>fileEncoding</key>
			<string>4</string>
			<key>isa</key>
			<string>PBXFileReference</string>
			<key>lastKnownFileType</key>
			<string>text.css</string>
			<key>path</key>
			<string>style.css</string>
			<key>sourceTree</key>
			<string>&lt;group&gt;</string>
		</dict>
		<key>7720280318B12933002302A4</key>
		<dict>
			<key>fileRef</key>
			<string>7720280218B12933002302A4</string>
			<key>isa</key>
			<string>PBXBuildFile</string>
		</dict>
		<key>7749F73318CD486600B582C0</key>
		<dict>
			<key>fileEncoding</key>
			<string>4</string>
			<key>isa</key>
			<string>PBXFileReference</string>
			<key>lastKnownFileType</key>
			<string>sourcecode.c.h</string>
			<key>path</key>
			<string>AMiPhoneTransportViewController.h</string>
			<key>sourceTree</key>
			<string>&lt;group&gt;</string>
		</dict>
		<key>7749F73418CD486600B582C0</key>
		<dict>
			<key>fileEncoding</key>
			<string>4</string>
			<key>isa</key>
			<string>PBXFileReference</string>
			<key>lastKnownFileType</key>
			<string>sourcecode.c.objc</string>
			<key>path</key>
			<string>AMiPhoneTransportViewController.m</string>
			<key>sourceTree</key>
			<string>&lt;group&gt;</string>
		</dict>
		<key>7749F73518CD486600B582C0</key>
		<dict>
			<key>fileRef</key>
			<string>7749F73418CD486600B582C0</string>
			<key>isa</key>
			<string>PBXBuildFile</string>
		</dict>
		<key>7749F73618CD50A400B582C0</key>
		<dict>
			<key>fileEncoding</key>
			<string>4</string>
			<key>isa</key>
			<string>PBXFileReference</string>
			<key>lastKnownFileType</key>
			<string>sourcecode.c.h</string>
			<key>path</key>
			<string>Transport.h</string>
			<key>sourceTree</key>
			<string>&lt;group&gt;</string>
		</dict>
		<key>7749F73718CD50A400B582C0</key>
		<dict>
			<key>fileEncoding</key>
			<string>4</string>
			<key>isa</key>
			<string>PBXFileReference</string>
			<key>lastKnownFileType</key>
			<string>sourcecode.c.objc</string>
			<key>path</key>
			<string>Transport.m</string>
			<key>sourceTree</key>
			<string>&lt;group&gt;</string>
		</dict>
		<key>7749F73818CD50A400B582C0</key>
		<dict>
			<key>fileEncoding</key>
			<string>4</string>
			<key>isa</key>
			<string>PBXFileReference</string>
			<key>lastKnownFileType</key>
			<string>sourcecode.c.h</string>
			<key>path</key>
			<string>TransportCell.h</string>
			<key>sourceTree</key>
			<string>&lt;group&gt;</string>
		</dict>
		<key>7749F73918CD50A400B582C0</key>
		<dict>
			<key>fileEncoding</key>
			<string>4</string>
			<key>isa</key>
			<string>PBXFileReference</string>
			<key>lastKnownFileType</key>
			<string>sourcecode.c.objc</string>
			<key>path</key>
			<string>TransportCell.m</string>
			<key>sourceTree</key>
			<string>&lt;group&gt;</string>
		</dict>
		<key>7749F73A18CD50A400B582C0</key>
		<dict>
			<key>fileRef</key>
			<string>7749F73718CD50A400B582C0</string>
			<key>isa</key>
			<string>PBXBuildFile</string>
		</dict>
		<key>7749F73B18CD50A400B582C0</key>
		<dict>
			<key>fileRef</key>
			<string>7749F73918CD50A400B582C0</string>
			<key>isa</key>
			<string>PBXBuildFile</string>
		</dict>
		<key>7749F73F18CD7CBB00B582C0</key>
		<dict>
			<key>fileEncoding</key>
			<string>4</string>
			<key>isa</key>
			<string>PBXFileReference</string>
			<key>lastKnownFileType</key>
			<string>sourcecode.c.h</string>
			<key>path</key>
			<string>AMiPadTransportViewController.h</string>
			<key>sourceTree</key>
			<string>&lt;group&gt;</string>
		</dict>
		<key>7749F74018CD7CBB00B582C0</key>
		<dict>
			<key>fileEncoding</key>
			<string>4</string>
			<key>isa</key>
			<string>PBXFileReference</string>
			<key>lastKnownFileType</key>
			<string>sourcecode.c.objc</string>
			<key>path</key>
			<string>AMiPadTransportViewController.m</string>
			<key>sourceTree</key>
			<string>&lt;group&gt;</string>
		</dict>
		<key>7749F74118CD7CBB00B582C0</key>
		<dict>
			<key>fileRef</key>
			<string>7749F74018CD7CBB00B582C0</string>
			<key>isa</key>
			<string>PBXBuildFile</string>
		</dict>
		<key>7787CEF618806ECE004F495E</key>
		<dict>
			<key>children</key>
			<array>
				<string>7787CF0818806ECE004F495E</string>
				<string>7787CF2118806ECE004F495E</string>
				<string>7787CF0118806ECE004F495E</string>
				<string>7787CF0018806ECE004F495E</string>
			</array>
			<key>isa</key>
			<string>PBXGroup</string>
			<key>sourceTree</key>
			<string>&lt;group&gt;</string>
		</dict>
		<key>7787CEF718806ECE004F495E</key>
		<dict>
			<key>attributes</key>
			<dict>
				<key>CLASSPREFIX</key>
				<string>AM</string>
				<key>LastUpgradeCheck</key>
				<string>0500</string>
				<key>ORGANIZATIONNAME</key>
				<string>GVSU</string>
				<key>TargetAttributes</key>
				<dict>
					<key>7787CEFE18806ECE004F495E</key>
					<dict>
						<key>DevelopmentTeam</key>
						<string>3W6ZBXDV73</string>
					</dict>
					<key>7787CF1918806ECE004F495E</key>
					<dict>
						<key>TestTargetID</key>
						<string>7787CEFE18806ECE004F495E</string>
					</dict>
				</dict>
			</dict>
			<key>buildConfigurationList</key>
			<string>7787CEFA18806ECE004F495E</string>
			<key>compatibilityVersion</key>
			<string>Xcode 3.2</string>
			<key>developmentRegion</key>
			<string>English</string>
			<key>hasScannedForEncodings</key>
			<string>0</string>
			<key>isa</key>
			<string>PBXProject</string>
			<key>knownRegions</key>
			<array>
				<string>en</string>
			</array>
			<key>mainGroup</key>
			<string>7787CEF618806ECE004F495E</string>
			<key>productRefGroup</key>
			<string>7787CF0018806ECE004F495E</string>
			<key>projectDirPath</key>
			<string></string>
			<key>projectRoot</key>
			<string></string>
			<key>targets</key>
			<array>
				<string>7787CEFE18806ECE004F495E</string>
				<string>7787CF1918806ECE004F495E</string>
			</array>
		</dict>
		<key>7787CEFA18806ECE004F495E</key>
		<dict>
			<key>buildConfigurations</key>
			<array>
				<string>7787CF2918806ECE004F495E</string>
				<string>7787CF2A18806ECE004F495E</string>
			</array>
			<key>defaultConfigurationIsVisible</key>
			<string>0</string>
			<key>defaultConfigurationName</key>
			<string>Debug</string>
			<key>isa</key>
			<string>XCConfigurationList</string>
		</dict>
		<key>7787CEFB18806ECE004F495E</key>
		<dict>
			<key>buildActionMask</key>
			<string>2147483647</string>
			<key>files</key>
			<array>
				<string>2783BC5918D58F56008E9790</string>
				<string>27B2500718E2899800A5AFD7</string>
				<string>2720373518A306D3000BC38A</string>
				<string>27A6619C18B080EC00E4AE0D</string>
				<string>27F94E0D18B424A3001F8F4F</string>
				<string>779181B318C832A500AE1019</string>
				<string>7749F73B18CD50A400B582C0</string>
				<string>16EF700C18C8259C00F41E9D</string>
				<string>779181AC18C82E9000AE1019</string>
				<string>270DB5351887201600573F3F</string>
				<string>7787CF1318806ECE004F495E</string>
				<string>271043EC18E30C6B003D1740</string>
				<string>7749F73A18CD50A400B582C0</string>
				<string>271043EA18E30C6B003D1740</string>
				<string>7749F74118CD7CBB00B582C0</string>
				<string>7749F73518CD486600B582C0</string>
				<string>272B452518E20CF7005F0032</string>
				<string>27B2500A18E296E000A5AFD7</string>
				<string>27F94E0A18B41DB6001F8F4F</string>
				<string>7787CF0F18806ECE004F495E</string>
				<string>27ADD93A18CCC97E0074CE1B</string>
				<string>27B3799518E253A800244754</string>
				<string>27AB0EFE18C5253900A99048</string>
				<string>779181B418C832A500AE1019</string>
				<string>27F94E1018B424C2001F8F4F</string>
				<string>27AC453618DD42FB003A4070</string>
				<string>27A9691018B06D010010A721</string>
				<string>27A97DA818DD5C94006AAA38</string>
				<string>271043E918E30C6B003D1740</string>
				<string>27CB389818DD2D3C00F43680</string>
			</array>
			<key>isa</key>
			<string>PBXSourcesBuildPhase</string>
			<key>runOnlyForDeploymentPostprocessing</key>
			<string>0</string>
		</dict>
		<key>7787CEFC18806ECE004F495E</key>
		<dict>
			<key>buildActionMask</key>
			<string>2147483647</string>
			<key>files</key>
			<array>
				<string>2704736818B05E20003AAB09</string>
				<string>27009B6E18E2B6C700CD95D6</string>
				<string>27009B6C18E2B59C00CD95D6</string>
				<string>27009B6B18E2B59600CD95D6</string>
				<string>27009B6A18E2B58E00CD95D6</string>
				<string>27009B6918E2B58500CD95D6</string>
				<string>27009B6818E2B57600CD95D6</string>
				<string>27009B6718E2B57000CD95D6</string>
				<string>27009B6618E2B56800CD95D6</string>
				<string>27009B6518E2B56200CD95D6</string>
				<string>2704736018B05DEF003AAB09</string>
				<string>7787CF0318806ECE004F495E</string>
				<string>27009B6418E2B54800CD95D6</string>
				<string>271043FA18E30D58003D1740</string>
			</array>
			<key>isa</key>
			<string>PBXFrameworksBuildPhase</string>
			<key>runOnlyForDeploymentPostprocessing</key>
			<string>0</string>
		</dict>
		<key>7787CEFD18806ECE004F495E</key>
		<dict>
			<key>buildActionMask</key>
			<string>2147483647</string>
			<key>files</key>
			<array>
				<string>779181BB18C833E200AE1019</string>
				<string>779181BC18C833E200AE1019</string>
				<string>1625074418D7358900BC3A72</string>
				<string>7720280318B12933002302A4</string>
				<string>2783BC5618D58B8C008E9790</string>
				<string>7787CF0D18806ECE004F495E</string>
				<string>1625073618D72D3400BC3A72</string>
				<string>2786509F18B59B6C00EA6E2F</string>
				<string>27AC965418DD329000CDFA93</string>
				<string>1625073518D72D3400BC3A72</string>
				<string>7787CF1518806ECE004F495E</string>
				<string>27B3799718E2604400244754</string>
				<string>271043EB18E30C6B003D1740</string>
				<string>278650A018B59B6C00EA6E2F</string>
				<string>1625074618D7358900BC3A72</string>
				<string>1625074518D7358900BC3A72</string>
				<string>27A6AED918CD720E0055CCED</string>
				<string>1625074318D7358900BC3A72</string>
				<string>27CDBCB71880948A000960F3</string>
				<string>27C8060218A443CF00243EB1</string>
			</array>
			<key>isa</key>
			<string>PBXResourcesBuildPhase</string>
			<key>runOnlyForDeploymentPostprocessing</key>
			<string>0</string>
		</dict>
		<key>7787CEFE18806ECE004F495E</key>
		<dict>
			<key>buildConfigurationList</key>
			<string>7787CF2B18806ECE004F495E</string>
			<key>buildPhases</key>
			<array>
				<string>7787CEFB18806ECE004F495E</string>
				<string>7787CEFC18806ECE004F495E</string>
				<string>7787CEFD18806ECE004F495E</string>
			</array>
			<key>buildRules</key>
			<array/>
			<key>dependencies</key>
			<array/>
			<key>isa</key>
			<string>PBXNativeTarget</string>
			<key>name</key>
			<string>AeroMed</string>
			<key>productName</key>
			<string>AeroMed</string>
			<key>productReference</key>
			<string>7787CEFF18806ECE004F495E</string>
			<key>productType</key>
			<string>com.apple.product-type.application</string>
		</dict>
		<key>7787CEFF18806ECE004F495E</key>
		<dict>
			<key>explicitFileType</key>
			<string>wrapper.application</string>
			<key>includeInIndex</key>
			<string>0</string>
			<key>isa</key>
			<string>PBXFileReference</string>
			<key>path</key>
			<string>AeroMed.app</string>
			<key>sourceTree</key>
			<string>BUILT_PRODUCTS_DIR</string>
		</dict>
		<key>7787CF0018806ECE004F495E</key>
		<dict>
			<key>children</key>
			<array>
				<string>7787CEFF18806ECE004F495E</string>
				<string>7787CF1A18806ECE004F495E</string>
			</array>
			<key>isa</key>
			<string>PBXGroup</string>
			<key>name</key>
			<string>Products</string>
			<key>sourceTree</key>
			<string>&lt;group&gt;</string>
		</dict>
		<key>7787CF0118806ECE004F495E</key>
		<dict>
			<key>children</key>
			<array>
				<string>271043F918E30D58003D1740</string>
				<string>27009B6D18E2B6C700CD95D6</string>
				<string>27009B6318E2B54800CD95D6</string>
				<string>2704736718B05E20003AAB09</string>
				<string>2704736518B05E11003AAB09</string>
				<string>2704736318B05E09003AAB09</string>
				<string>2704736118B05DF8003AAB09</string>
				<string>2704735F18B05DEF003AAB09</string>
				<string>2704735D18B05DE4003AAB09</string>
				<string>2704735B18B05DD8003AAB09</string>
				<string>2704735918B05DCE003AAB09</string>
				<string>270B4AB118A4360E008578B9</string>
				<string>270B4AAF18A43606008578B9</string>
				<string>7787CF0218806ECE004F495E</string>
				<string>7787CF0418806ECE004F495E</string>
				<string>7787CF0618806ECE004F495E</string>
				<string>7787CF1B18806ECE004F495E</string>
				<string>HYXIFWTDXJPPRRMDCEPMDTJH</string>
			</array>
			<key>isa</key>
			<string>PBXGroup</string>
			<key>name</key>
			<string>Frameworks</string>
			<key>sourceTree</key>
			<string>&lt;group&gt;</string>
		</dict>
		<key>7787CF0218806ECE004F495E</key>
		<dict>
			<key>isa</key>
			<string>PBXFileReference</string>
			<key>lastKnownFileType</key>
			<string>wrapper.framework</string>
			<key>name</key>
			<string>Foundation.framework</string>
			<key>path</key>
			<string>System/Library/Frameworks/Foundation.framework</string>
			<key>sourceTree</key>
			<string>SDKROOT</string>
		</dict>
		<key>7787CF0318806ECE004F495E</key>
		<dict>
			<key>fileRef</key>
			<string>7787CF0218806ECE004F495E</string>
			<key>isa</key>
			<string>PBXBuildFile</string>
		</dict>
		<key>7787CF0418806ECE004F495E</key>
		<dict>
			<key>isa</key>
			<string>PBXFileReference</string>
			<key>lastKnownFileType</key>
			<string>wrapper.framework</string>
			<key>name</key>
			<string>CoreGraphics.framework</string>
			<key>path</key>
			<string>System/Library/Frameworks/CoreGraphics.framework</string>
			<key>sourceTree</key>
			<string>SDKROOT</string>
		</dict>
		<key>7787CF0618806ECE004F495E</key>
		<dict>
			<key>isa</key>
			<string>PBXFileReference</string>
			<key>lastKnownFileType</key>
			<string>wrapper.framework</string>
			<key>name</key>
			<string>UIKit.framework</string>
			<key>path</key>
			<string>System/Library/Frameworks/UIKit.framework</string>
			<key>sourceTree</key>
			<string>SDKROOT</string>
		</dict>
		<key>7787CF0818806ECE004F495E</key>
		<dict>
			<key>children</key>
			<array>
				<string>271043E018E30C44003D1740</string>
				<string>27CDBCBB18809633000960F3</string>
				<string>2720373218A306AF000BC38A</string>
				<string>27CDBCBA188095FC000960F3</string>
				<string>779181B518C832BD00AE1019</string>
				<string>27CDBCB9188095EE000960F3</string>
				<string>27C8060018A443CF00243EB1</string>
				<string>27AB18F318DD46C0004673CE</string>
				<string>7787CF1418806ECE004F495E</string>
				<string>7787CF0918806ECE004F495E</string>
			</array>
			<key>isa</key>
			<string>PBXGroup</string>
			<key>path</key>
			<string>AeroMed</string>
			<key>sourceTree</key>
			<string>&lt;group&gt;</string>
		</dict>
		<key>7787CF0918806ECE004F495E</key>
		<dict>
			<key>children</key>
			<array>
				<string>27B3799618E2604400244754</string>
				<string>27AC965318DD329000CDFA93</string>
				<string>779181AA18C82E9000AE1019</string>
				<string>779181AB18C82E9000AE1019</string>
				<string>27A9690E18B06D010010A721</string>
				<string>27A9690F18B06D010010A721</string>
				<string>779181B818C833D200AE1019</string>
				<string>7787CF1218806ECE004F495E</string>
				<string>7787CF1118806ECE004F495E</string>
				<string>7787CF0A18806ECE004F495E</string>
				<string>7787CF0B18806ECE004F495E</string>
				<string>7787CF0E18806ECE004F495E</string>
				<string>7787CF1018806ECE004F495E</string>
				<string>270DB5341887201600573F3F</string>
				<string>779181AD18C82F7C00AE1019</string>
			</array>
			<key>isa</key>
			<string>PBXGroup</string>
			<key>name</key>
			<string>Supporting Files</string>
			<key>sourceTree</key>
			<string>&lt;group&gt;</string>
		</dict>
		<key>7787CF0A18806ECE004F495E</key>
		<dict>
			<key>isa</key>
			<string>PBXFileReference</string>
			<key>lastKnownFileType</key>
			<string>text.plist.xml</string>
			<key>path</key>
			<string>AeroMed-Info.plist</string>
			<key>sourceTree</key>
			<string>&lt;group&gt;</string>
		</dict>
		<key>7787CF0B18806ECE004F495E</key>
		<dict>
			<key>children</key>
			<array>
				<string>7787CF0C18806ECE004F495E</string>
			</array>
			<key>isa</key>
			<string>PBXVariantGroup</string>
			<key>name</key>
			<string>InfoPlist.strings</string>
			<key>sourceTree</key>
			<string>&lt;group&gt;</string>
		</dict>
		<key>7787CF0C18806ECE004F495E</key>
		<dict>
			<key>isa</key>
			<string>PBXFileReference</string>
			<key>lastKnownFileType</key>
			<string>text.plist.strings</string>
			<key>name</key>
			<string>en</string>
			<key>path</key>
			<string>en.lproj/InfoPlist.strings</string>
			<key>sourceTree</key>
			<string>&lt;group&gt;</string>
		</dict>
		<key>7787CF0D18806ECE004F495E</key>
		<dict>
			<key>fileRef</key>
			<string>7787CF0B18806ECE004F495E</string>
			<key>isa</key>
			<string>PBXBuildFile</string>
		</dict>
		<key>7787CF0E18806ECE004F495E</key>
		<dict>
			<key>isa</key>
			<string>PBXFileReference</string>
			<key>lastKnownFileType</key>
			<string>sourcecode.c.objc</string>
			<key>path</key>
			<string>main.m</string>
			<key>sourceTree</key>
			<string>&lt;group&gt;</string>
		</dict>
		<key>7787CF0F18806ECE004F495E</key>
		<dict>
			<key>fileRef</key>
			<string>7787CF0E18806ECE004F495E</string>
			<key>isa</key>
			<string>PBXBuildFile</string>
		</dict>
		<key>7787CF1018806ECE004F495E</key>
		<dict>
			<key>isa</key>
			<string>PBXFileReference</string>
			<key>lastKnownFileType</key>
			<string>sourcecode.c.h</string>
			<key>path</key>
			<string>AeroMed-Prefix.pch</string>
			<key>sourceTree</key>
			<string>&lt;group&gt;</string>
		</dict>
		<key>7787CF1118806ECE004F495E</key>
		<dict>
			<key>isa</key>
			<string>PBXFileReference</string>
			<key>lastKnownFileType</key>
			<string>sourcecode.c.h</string>
			<key>path</key>
			<string>AppDelegate.h</string>
			<key>sourceTree</key>
			<string>&lt;group&gt;</string>
		</dict>
		<key>7787CF1218806ECE004F495E</key>
		<dict>
			<key>isa</key>
			<string>PBXFileReference</string>
			<key>lastKnownFileType</key>
			<string>sourcecode.c.objc</string>
			<key>path</key>
			<string>AppDelegate.m</string>
			<key>sourceTree</key>
			<string>&lt;group&gt;</string>
		</dict>
		<key>7787CF1318806ECE004F495E</key>
		<dict>
			<key>fileRef</key>
			<string>7787CF1218806ECE004F495E</string>
			<key>isa</key>
			<string>PBXBuildFile</string>
		</dict>
		<key>7787CF1418806ECE004F495E</key>
		<dict>
			<key>isa</key>
			<string>PBXFileReference</string>
			<key>lastKnownFileType</key>
			<string>folder.assetcatalog</string>
			<key>path</key>
			<string>Images.xcassets</string>
			<key>sourceTree</key>
			<string>&lt;group&gt;</string>
		</dict>
		<key>7787CF1518806ECE004F495E</key>
		<dict>
			<key>fileRef</key>
			<string>7787CF1418806ECE004F495E</string>
			<key>isa</key>
			<string>PBXBuildFile</string>
		</dict>
		<key>7787CF1618806ECE004F495E</key>
		<dict>
			<key>buildActionMask</key>
			<string>2147483647</string>
			<key>files</key>
			<array>
				<string>270DB5361887201600573F3F</string>
				<string>7787CF2818806ECE004F495E</string>
			</array>
			<key>isa</key>
			<string>PBXSourcesBuildPhase</string>
			<key>runOnlyForDeploymentPostprocessing</key>
			<string>0</string>
		</dict>
		<key>7787CF1718806ECE004F495E</key>
		<dict>
			<key>buildActionMask</key>
			<string>2147483647</string>
			<key>files</key>
			<array>
				<string>7787CF1C18806ECE004F495E</string>
				<string>7787CF1E18806ECE004F495E</string>
				<string>7787CF1D18806ECE004F495E</string>
			</array>
			<key>isa</key>
			<string>PBXFrameworksBuildPhase</string>
			<key>runOnlyForDeploymentPostprocessing</key>
			<string>0</string>
		</dict>
		<key>7787CF1818806ECE004F495E</key>
		<dict>
			<key>buildActionMask</key>
			<string>2147483647</string>
			<key>files</key>
			<array>
				<string>7787CF2618806ECE004F495E</string>
			</array>
			<key>isa</key>
			<string>PBXResourcesBuildPhase</string>
			<key>runOnlyForDeploymentPostprocessing</key>
			<string>0</string>
		</dict>
		<key>7787CF1918806ECE004F495E</key>
		<dict>
			<key>buildConfigurationList</key>
			<string>7787CF2E18806ECE004F495E</string>
			<key>buildPhases</key>
			<array>
				<string>7787CF1618806ECE004F495E</string>
				<string>7787CF1718806ECE004F495E</string>
				<string>7787CF1818806ECE004F495E</string>
			</array>
			<key>buildRules</key>
			<array/>
			<key>dependencies</key>
			<array>
				<string>7787CF2018806ECE004F495E</string>
			</array>
			<key>isa</key>
			<string>PBXNativeTarget</string>
			<key>name</key>
			<string>AeroMedTests</string>
			<key>productName</key>
			<string>AeroMedTests</string>
			<key>productReference</key>
			<string>7787CF1A18806ECE004F495E</string>
			<key>productType</key>
			<string>com.apple.product-type.bundle.unit-test</string>
		</dict>
		<key>7787CF1A18806ECE004F495E</key>
		<dict>
			<key>explicitFileType</key>
			<string>wrapper.cfbundle</string>
			<key>includeInIndex</key>
			<string>0</string>
			<key>isa</key>
			<string>PBXFileReference</string>
			<key>path</key>
			<string>AeroMedTests.xctest</string>
			<key>sourceTree</key>
			<string>BUILT_PRODUCTS_DIR</string>
		</dict>
		<key>7787CF1B18806ECE004F495E</key>
		<dict>
			<key>isa</key>
			<string>PBXFileReference</string>
			<key>lastKnownFileType</key>
			<string>wrapper.framework</string>
			<key>name</key>
			<string>XCTest.framework</string>
			<key>path</key>
			<string>Library/Frameworks/XCTest.framework</string>
			<key>sourceTree</key>
			<string>DEVELOPER_DIR</string>
		</dict>
		<key>7787CF1C18806ECE004F495E</key>
		<dict>
			<key>fileRef</key>
			<string>7787CF1B18806ECE004F495E</string>
			<key>isa</key>
			<string>PBXBuildFile</string>
		</dict>
		<key>7787CF1D18806ECE004F495E</key>
		<dict>
			<key>fileRef</key>
			<string>7787CF0218806ECE004F495E</string>
			<key>isa</key>
			<string>PBXBuildFile</string>
		</dict>
		<key>7787CF1E18806ECE004F495E</key>
		<dict>
			<key>fileRef</key>
			<string>7787CF0618806ECE004F495E</string>
			<key>isa</key>
			<string>PBXBuildFile</string>
		</dict>
		<key>7787CF1F18806ECE004F495E</key>
		<dict>
			<key>containerPortal</key>
			<string>7787CEF718806ECE004F495E</string>
			<key>isa</key>
			<string>PBXContainerItemProxy</string>
			<key>proxyType</key>
			<string>1</string>
			<key>remoteGlobalIDString</key>
			<string>7787CEFE18806ECE004F495E</string>
			<key>remoteInfo</key>
			<string>AeroMed</string>
		</dict>
		<key>7787CF2018806ECE004F495E</key>
		<dict>
			<key>isa</key>
			<string>PBXTargetDependency</string>
			<key>target</key>
			<string>7787CEFE18806ECE004F495E</string>
			<key>targetProxy</key>
			<string>7787CF1F18806ECE004F495E</string>
		</dict>
		<key>7787CF2118806ECE004F495E</key>
		<dict>
			<key>children</key>
			<array>
				<string>7787CF2718806ECE004F495E</string>
				<string>7787CF2218806ECE004F495E</string>
			</array>
			<key>isa</key>
			<string>PBXGroup</string>
			<key>path</key>
			<string>AeroMedTests</string>
			<key>sourceTree</key>
			<string>&lt;group&gt;</string>
		</dict>
		<key>7787CF2218806ECE004F495E</key>
		<dict>
			<key>children</key>
			<array>
				<string>7787CF2318806ECE004F495E</string>
				<string>7787CF2418806ECE004F495E</string>
			</array>
			<key>isa</key>
			<string>PBXGroup</string>
			<key>name</key>
			<string>Supporting Files</string>
			<key>sourceTree</key>
			<string>&lt;group&gt;</string>
		</dict>
		<key>7787CF2318806ECE004F495E</key>
		<dict>
			<key>isa</key>
			<string>PBXFileReference</string>
			<key>lastKnownFileType</key>
			<string>text.plist.xml</string>
			<key>path</key>
			<string>AeroMedTests-Info.plist</string>
			<key>sourceTree</key>
			<string>&lt;group&gt;</string>
		</dict>
		<key>7787CF2418806ECE004F495E</key>
		<dict>
			<key>children</key>
			<array>
				<string>7787CF2518806ECE004F495E</string>
			</array>
			<key>isa</key>
			<string>PBXVariantGroup</string>
			<key>name</key>
			<string>InfoPlist.strings</string>
			<key>sourceTree</key>
			<string>&lt;group&gt;</string>
		</dict>
		<key>7787CF2518806ECE004F495E</key>
		<dict>
			<key>isa</key>
			<string>PBXFileReference</string>
			<key>lastKnownFileType</key>
			<string>text.plist.strings</string>
			<key>name</key>
			<string>en</string>
			<key>path</key>
			<string>en.lproj/InfoPlist.strings</string>
			<key>sourceTree</key>
			<string>&lt;group&gt;</string>
		</dict>
		<key>7787CF2618806ECE004F495E</key>
		<dict>
			<key>fileRef</key>
			<string>7787CF2418806ECE004F495E</string>
			<key>isa</key>
			<string>PBXBuildFile</string>
		</dict>
		<key>7787CF2718806ECE004F495E</key>
		<dict>
			<key>isa</key>
			<string>PBXFileReference</string>
			<key>lastKnownFileType</key>
			<string>sourcecode.c.objc</string>
			<key>path</key>
			<string>AeroMedTests.m</string>
			<key>sourceTree</key>
			<string>&lt;group&gt;</string>
		</dict>
		<key>7787CF2818806ECE004F495E</key>
		<dict>
			<key>fileRef</key>
			<string>7787CF2718806ECE004F495E</string>
			<key>isa</key>
			<string>PBXBuildFile</string>
		</dict>
		<key>7787CF2918806ECE004F495E</key>
		<dict>
			<key>buildSettings</key>
			<dict>
				<key>ALWAYS_SEARCH_USER_PATHS</key>
				<string>NO</string>
				<key>ARCHS</key>
				<string>$(ARCHS_STANDARD_INCLUDING_64_BIT)</string>
				<key>CLANG_CXX_LANGUAGE_STANDARD</key>
				<string>gnu++0x</string>
				<key>CLANG_CXX_LIBRARY</key>
				<string>libc++</string>
				<key>CLANG_ENABLE_MODULES</key>
				<string>YES</string>
				<key>CLANG_ENABLE_OBJC_ARC</key>
				<string>YES</string>
				<key>CLANG_WARN_BOOL_CONVERSION</key>
				<string>YES</string>
				<key>CLANG_WARN_CONSTANT_CONVERSION</key>
				<string>YES</string>
				<key>CLANG_WARN_DIRECT_OBJC_ISA_USAGE</key>
				<string>YES_ERROR</string>
				<key>CLANG_WARN_EMPTY_BODY</key>
				<string>YES</string>
				<key>CLANG_WARN_ENUM_CONVERSION</key>
				<string>YES</string>
				<key>CLANG_WARN_INT_CONVERSION</key>
				<string>YES</string>
				<key>CLANG_WARN_OBJC_ROOT_CLASS</key>
				<string>YES_ERROR</string>
				<key>CLANG_WARN__DUPLICATE_METHOD_MATCH</key>
				<string>YES</string>
				<key>CODE_SIGN_IDENTITY[sdk=iphoneos*]</key>
				<string>iPhone Developer</string>
				<key>COPY_PHASE_STRIP</key>
				<string>NO</string>
				<key>FRAMEWORK_SEARCH_PATHS</key>
				<array>
					<string>"/Applications/Spark Inspector.app/Contents/Resources/Frameworks"</string>
				</array>
				<key>GCC_C_LANGUAGE_STANDARD</key>
				<string>gnu99</string>
				<key>GCC_DYNAMIC_NO_PIC</key>
				<string>NO</string>
				<key>GCC_OPTIMIZATION_LEVEL</key>
				<string>0</string>
				<key>GCC_PREPROCESSOR_DEFINITIONS</key>
				<array>
					<string>DEBUG=1</string>
					<string>$(inherited)</string>
				</array>
				<key>GCC_SYMBOLS_PRIVATE_EXTERN</key>
				<string>NO</string>
				<key>GCC_WARN_64_TO_32_BIT_CONVERSION</key>
				<string>YES</string>
				<key>GCC_WARN_ABOUT_RETURN_TYPE</key>
				<string>YES_ERROR</string>
				<key>GCC_WARN_UNDECLARED_SELECTOR</key>
				<string>YES</string>
				<key>GCC_WARN_UNINITIALIZED_AUTOS</key>
				<string>YES</string>
				<key>GCC_WARN_UNUSED_FUNCTION</key>
				<string>YES</string>
				<key>GCC_WARN_UNUSED_VARIABLE</key>
				<string>YES</string>
				<key>IPHONEOS_DEPLOYMENT_TARGET</key>
				<string>7.0</string>
				<key>ONLY_ACTIVE_ARCH</key>
				<string>YES</string>
				<key>OTHER_LDFLAGS</key>
				<array>
					<string>-ObjC</string>
					<string>-framework SparkInspector</string>
				</array>
				<key>SDKROOT</key>
				<string>iphoneos</string>
				<key>TARGETED_DEVICE_FAMILY</key>
				<string>1,2</string>
			</dict>
			<key>isa</key>
			<string>XCBuildConfiguration</string>
			<key>name</key>
			<string>Debug</string>
		</dict>
		<key>7787CF2A18806ECE004F495E</key>
		<dict>
			<key>buildSettings</key>
			<dict>
				<key>ALWAYS_SEARCH_USER_PATHS</key>
				<string>NO</string>
				<key>ARCHS</key>
				<string>$(ARCHS_STANDARD_INCLUDING_64_BIT)</string>
				<key>CLANG_CXX_LANGUAGE_STANDARD</key>
				<string>gnu++0x</string>
				<key>CLANG_CXX_LIBRARY</key>
				<string>libc++</string>
				<key>CLANG_ENABLE_MODULES</key>
				<string>YES</string>
				<key>CLANG_ENABLE_OBJC_ARC</key>
				<string>YES</string>
				<key>CLANG_WARN_BOOL_CONVERSION</key>
				<string>YES</string>
				<key>CLANG_WARN_CONSTANT_CONVERSION</key>
				<string>YES</string>
				<key>CLANG_WARN_DIRECT_OBJC_ISA_USAGE</key>
				<string>YES_ERROR</string>
				<key>CLANG_WARN_EMPTY_BODY</key>
				<string>YES</string>
				<key>CLANG_WARN_ENUM_CONVERSION</key>
				<string>YES</string>
				<key>CLANG_WARN_INT_CONVERSION</key>
				<string>YES</string>
				<key>CLANG_WARN_OBJC_ROOT_CLASS</key>
				<string>YES_ERROR</string>
				<key>CLANG_WARN__DUPLICATE_METHOD_MATCH</key>
				<string>YES</string>
				<key>CODE_SIGN_IDENTITY[sdk=iphoneos*]</key>
				<string>iPhone Developer</string>
				<key>COPY_PHASE_STRIP</key>
				<string>YES</string>
				<key>ENABLE_NS_ASSERTIONS</key>
				<string>NO</string>
				<key>GCC_C_LANGUAGE_STANDARD</key>
				<string>gnu99</string>
				<key>GCC_WARN_64_TO_32_BIT_CONVERSION</key>
				<string>YES</string>
				<key>GCC_WARN_ABOUT_RETURN_TYPE</key>
				<string>YES_ERROR</string>
				<key>GCC_WARN_UNDECLARED_SELECTOR</key>
				<string>YES</string>
				<key>GCC_WARN_UNINITIALIZED_AUTOS</key>
				<string>YES</string>
				<key>GCC_WARN_UNUSED_FUNCTION</key>
				<string>YES</string>
				<key>GCC_WARN_UNUSED_VARIABLE</key>
				<string>YES</string>
				<key>IPHONEOS_DEPLOYMENT_TARGET</key>
				<string>7.0</string>
				<key>SDKROOT</key>
				<string>iphoneos</string>
				<key>TARGETED_DEVICE_FAMILY</key>
				<string>1,2</string>
				<key>VALIDATE_PRODUCT</key>
				<string>YES</string>
			</dict>
			<key>isa</key>
			<string>XCBuildConfiguration</string>
			<key>name</key>
			<string>Release</string>
		</dict>
		<key>7787CF2B18806ECE004F495E</key>
		<dict>
			<key>buildConfigurations</key>
			<array>
				<string>7787CF2C18806ECE004F495E</string>
				<string>7787CF2D18806ECE004F495E</string>
			</array>
			<key>defaultConfigurationIsVisible</key>
			<string>0</string>
			<key>defaultConfigurationName</key>
			<string>Debug</string>
			<key>isa</key>
			<string>XCConfigurationList</string>
		</dict>
		<key>7787CF2C18806ECE004F495E</key>
		<dict>
			<key>buildSettings</key>
			<dict>
				<key>ASSETCATALOG_COMPILER_APPICON_NAME</key>
				<string>AppIcon</string>
				<key>ASSETCATALOG_COMPILER_LAUNCHIMAGE_NAME</key>
				<string>LaunchImage</string>
				<key>CODE_SIGN_IDENTITY</key>
				<string>iPhone Developer</string>
				<key>CODE_SIGN_IDENTITY[sdk=iphoneos*]</key>
				<string>iPhone Developer</string>
				<key>FRAMEWORK_SEARCH_PATHS</key>
				<array>
					<string>/Users/mike/Documents/iOS/Aeromed/AeroMed</string>
					<string>$(inherited)</string>
					<string>$(inherited)</string>
					<string>/Users/brodyberson/Copy/seniorProject/AeroMed</string>
					<string>$(inherited)</string>
					<string>/Users/kschelhaas/Copy/workspace/AeroMed</string>
					<string>/Users/mario/Winter14/CIS467/develop</string>
					<string>$(inherited)</string>
					<string>$(PROJECT_DIR)</string>
					<string>"/Applications/Spark Inspector.app/Contents/Resources/Frameworks"</string>
				</array>
				<key>GCC_PRECOMPILE_PREFIX_HEADER</key>
				<string>YES</string>
				<key>GCC_PREFIX_HEADER</key>
				<string>AeroMed/AeroMed-Prefix.pch</string>
				<key>INFOPLIST_FILE</key>
				<string>AeroMed/AeroMed-Info.plist</string>
				<key>LIBRARY_SEARCH_PATHS</key>
				<array>
					<string>$(inherited)</string>
					<string>$(PROJECT_DIR)/Pods/build/Debug-iphoneos</string>
				</array>
				<key>OTHER_LDFLAGS</key>
				<array>
					<string>-ObjC</string>
					<string>-framework SparkInspector</string>
				</array>
				<key>PRODUCT_NAME</key>
				<string>$(TARGET_NAME)</string>
				<key>PROVISIONING_PROFILE</key>
				<string></string>
				<key>TARGETED_DEVICE_FAMILY</key>
				<string>1,2</string>
				<key>WRAPPER_EXTENSION</key>
				<string>app</string>
			</dict>
			<key>isa</key>
			<string>XCBuildConfiguration</string>
			<key>name</key>
			<string>Debug</string>
		</dict>
		<key>7787CF2D18806ECE004F495E</key>
		<dict>
			<key>buildSettings</key>
			<dict>
				<key>ASSETCATALOG_COMPILER_APPICON_NAME</key>
				<string>AppIcon</string>
				<key>ASSETCATALOG_COMPILER_LAUNCHIMAGE_NAME</key>
				<string>LaunchImage</string>
				<key>CODE_SIGN_IDENTITY</key>
				<string>iPhone Distribution: Michael Torres (3W6ZBXDV73)</string>
				<key>CODE_SIGN_IDENTITY[sdk=iphoneos*]</key>
				<string>iPhone Distribution: Michael Torres (3W6ZBXDV73)</string>
				<key>FRAMEWORK_SEARCH_PATHS</key>
				<array>
					<string>/Users/mike/Documents/iOS/Aeromed/AeroMed</string>
					<string>$(inherited)</string>
					<string>$(inherited)</string>
					<string>/Users/brodyberson/Copy/seniorProject/AeroMed</string>
					<string>$(inherited)</string>
					<string>/Users/kschelhaas/Copy/workspace/AeroMed</string>
					<string>/Users/mario/Winter14/CIS467/develop</string>
					<string>$(inherited)</string>
					<string>$(PROJECT_DIR)</string>
				</array>
				<key>GCC_PRECOMPILE_PREFIX_HEADER</key>
				<string>YES</string>
				<key>GCC_PREFIX_HEADER</key>
				<string>AeroMed/AeroMed-Prefix.pch</string>
				<key>INFOPLIST_FILE</key>
				<string>AeroMed/AeroMed-Info.plist</string>
				<key>LIBRARY_SEARCH_PATHS</key>
				<array>
					<string>$(inherited)</string>
					<string>$(PROJECT_DIR)/Pods/build/Debug-iphoneos</string>
				</array>
				<key>OTHER_LDFLAGS</key>
				<string>-ObjC</string>
				<key>PRODUCT_NAME</key>
				<string>$(TARGET_NAME)</string>
				<key>PROVISIONING_PROFILE</key>
				<string>03E43C7D-F8E5-4A29-8B26-00438979977C</string>
				<key>TARGETED_DEVICE_FAMILY</key>
				<string>1,2</string>
				<key>WRAPPER_EXTENSION</key>
				<string>app</string>
			</dict>
			<key>isa</key>
			<string>XCBuildConfiguration</string>
			<key>name</key>
			<string>Release</string>
		</dict>
		<key>7787CF2E18806ECE004F495E</key>
		<dict>
			<key>buildConfigurations</key>
			<array>
				<string>7787CF2F18806ECE004F495E</string>
				<string>7787CF3018806ECE004F495E</string>
			</array>
			<key>defaultConfigurationIsVisible</key>
			<string>0</string>
			<key>defaultConfigurationName</key>
			<string>Debug</string>
			<key>isa</key>
			<string>XCConfigurationList</string>
		</dict>
		<key>7787CF2F18806ECE004F495E</key>
		<dict>
			<key>buildSettings</key>
			<dict>
				<key>ARCHS</key>
				<string>$(ARCHS_STANDARD_INCLUDING_64_BIT)</string>
				<key>BUNDLE_LOADER</key>
				<string>$(BUILT_PRODUCTS_DIR)/AeroMed.app/AeroMed</string>
				<key>FRAMEWORK_SEARCH_PATHS</key>
				<array>
					<string>$(SDKROOT)/Developer/Library/Frameworks</string>
					<string>$(inherited)</string>
					<string>$(DEVELOPER_FRAMEWORKS_DIR)</string>
				</array>
				<key>GCC_PRECOMPILE_PREFIX_HEADER</key>
				<string>YES</string>
				<key>GCC_PREFIX_HEADER</key>
				<string>AeroMed/AeroMed-Prefix.pch</string>
				<key>GCC_PREPROCESSOR_DEFINITIONS</key>
				<array>
					<string>DEBUG=1</string>
					<string>$(inherited)</string>
				</array>
				<key>INFOPLIST_FILE</key>
				<string>AeroMedTests/AeroMedTests-Info.plist</string>
				<key>PRODUCT_NAME</key>
				<string>$(TARGET_NAME)</string>
				<key>TEST_HOST</key>
				<string>$(BUNDLE_LOADER)</string>
				<key>WRAPPER_EXTENSION</key>
				<string>xctest</string>
			</dict>
			<key>isa</key>
			<string>XCBuildConfiguration</string>
			<key>name</key>
			<string>Debug</string>
		</dict>
		<key>7787CF3018806ECE004F495E</key>
		<dict>
			<key>buildSettings</key>
			<dict>
				<key>ARCHS</key>
				<string>$(ARCHS_STANDARD_INCLUDING_64_BIT)</string>
				<key>BUNDLE_LOADER</key>
				<string>$(BUILT_PRODUCTS_DIR)/AeroMed.app/AeroMed</string>
				<key>FRAMEWORK_SEARCH_PATHS</key>
				<array>
					<string>$(SDKROOT)/Developer/Library/Frameworks</string>
					<string>$(inherited)</string>
					<string>$(DEVELOPER_FRAMEWORKS_DIR)</string>
				</array>
				<key>GCC_PRECOMPILE_PREFIX_HEADER</key>
				<string>YES</string>
				<key>GCC_PREFIX_HEADER</key>
				<string>AeroMed/AeroMed-Prefix.pch</string>
				<key>INFOPLIST_FILE</key>
				<string>AeroMedTests/AeroMedTests-Info.plist</string>
				<key>PRODUCT_NAME</key>
				<string>$(TARGET_NAME)</string>
				<key>TEST_HOST</key>
				<string>$(BUNDLE_LOADER)</string>
				<key>WRAPPER_EXTENSION</key>
				<string>xctest</string>
			</dict>
			<key>isa</key>
			<string>XCBuildConfiguration</string>
			<key>name</key>
			<string>Release</string>
		</dict>
		<key>779181AA18C82E9000AE1019</key>
		<dict>
			<key>fileEncoding</key>
			<string>4</string>
			<key>isa</key>
			<string>PBXFileReference</string>
			<key>lastKnownFileType</key>
			<string>sourcecode.c.h</string>
			<key>path</key>
			<string>KLNoteViewController.h</string>
			<key>sourceTree</key>
			<string>&lt;group&gt;</string>
		</dict>
		<key>779181AB18C82E9000AE1019</key>
		<dict>
			<key>fileEncoding</key>
			<string>4</string>
			<key>isa</key>
			<string>PBXFileReference</string>
			<key>lastKnownFileType</key>
			<string>sourcecode.c.objc</string>
			<key>path</key>
			<string>KLNoteViewController.m</string>
			<key>sourceTree</key>
			<string>&lt;group&gt;</string>
		</dict>
		<key>779181AC18C82E9000AE1019</key>
		<dict>
			<key>fileRef</key>
			<string>779181AB18C82E9000AE1019</string>
			<key>isa</key>
			<string>PBXBuildFile</string>
		</dict>
		<key>779181AD18C82F7C00AE1019</key>
		<dict>
			<key>fileEncoding</key>
			<string>4</string>
			<key>isa</key>
			<string>PBXFileReference</string>
			<key>lastKnownFileType</key>
			<string>text</string>
			<key>path</key>
			<string>Podfile.txt</string>
			<key>sourceTree</key>
			<string>&lt;group&gt;</string>
		</dict>
		<key>779181AF18C832A500AE1019</key>
		<dict>
			<key>fileEncoding</key>
			<string>4</string>
			<key>isa</key>
			<string>PBXFileReference</string>
			<key>lastKnownFileType</key>
			<string>sourcecode.c.h</string>
			<key>path</key>
			<string>AMFileManagerViewController.h</string>
			<key>sourceTree</key>
			<string>&lt;group&gt;</string>
		</dict>
		<key>779181B018C832A500AE1019</key>
		<dict>
			<key>fileEncoding</key>
			<string>4</string>
			<key>isa</key>
			<string>PBXFileReference</string>
			<key>lastKnownFileType</key>
			<string>sourcecode.c.objc</string>
			<key>path</key>
			<string>AMFileManagerViewController.m</string>
			<key>sourceTree</key>
			<string>&lt;group&gt;</string>
		</dict>
		<key>779181B118C832A500AE1019</key>
		<dict>
			<key>fileEncoding</key>
			<string>4</string>
			<key>isa</key>
			<string>PBXFileReference</string>
			<key>lastKnownFileType</key>
			<string>sourcecode.c.h</string>
			<key>path</key>
			<string>AMDocumentViewControllerOld.h</string>
			<key>sourceTree</key>
			<string>&lt;group&gt;</string>
		</dict>
		<key>779181B218C832A500AE1019</key>
		<dict>
			<key>fileEncoding</key>
			<string>4</string>
			<key>isa</key>
			<string>PBXFileReference</string>
			<key>lastKnownFileType</key>
			<string>sourcecode.c.objc</string>
			<key>path</key>
			<string>AMDocumentViewControllerOld.m</string>
			<key>sourceTree</key>
			<string>&lt;group&gt;</string>
		</dict>
		<key>779181B318C832A500AE1019</key>
		<dict>
			<key>fileRef</key>
			<string>779181B018C832A500AE1019</string>
			<key>isa</key>
			<string>PBXBuildFile</string>
		</dict>
		<key>779181B418C832A500AE1019</key>
		<dict>
			<key>fileRef</key>
			<string>779181B218C832A500AE1019</string>
			<key>isa</key>
			<string>PBXBuildFile</string>
		</dict>
		<key>779181B518C832BD00AE1019</key>
		<dict>
			<key>children</key>
			<array>
				<string>27F94E0E18B424C2001F8F4F</string>
				<string>27F94E0F18B424C2001F8F4F</string>
				<string>27F94E0B18B424A3001F8F4F</string>
				<string>27F94E0C18B424A3001F8F4F</string>
				<string>27F94E0818B41DB6001F8F4F</string>
				<string>27F94E0918B41DB6001F8F4F</string>
				<string>2720373318A306D3000BC38A</string>
				<string>2720373418A306D3000BC38A</string>
				<string>27A6619A18B080EC00E4AE0D</string>
				<string>27A6619B18B080EC00E4AE0D</string>
				<string>27B3799318E253A800244754</string>
				<string>27B3799418E253A800244754</string>
				<string>27ADD93818CCC97E0074CE1B</string>
				<string>27ADD93918CCC97E0074CE1B</string>
				<string>779181AF18C832A500AE1019</string>
				<string>779181B018C832A500AE1019</string>
				<string>779181B118C832A500AE1019</string>
				<string>779181B218C832A500AE1019</string>
				<string>2783BC5718D58F56008E9790</string>
				<string>2783BC5818D58F56008E9790</string>
			</array>
			<key>isa</key>
			<string>PBXGroup</string>
			<key>name</key>
			<string>Mutual View Controllers</string>
			<key>sourceTree</key>
			<string>&lt;group&gt;</string>
		</dict>
		<key>779181B818C833D200AE1019</key>
		<dict>
			<key>children</key>
			<array>
				<string>1625073F18D7358900BC3A72</string>
				<string>1625074018D7358900BC3A72</string>
				<string>1625074118D7358900BC3A72</string>
				<string>1625074218D7358900BC3A72</string>
				<string>1625073318D72D3400BC3A72</string>
				<string>1625073418D72D3400BC3A72</string>
				<string>27A6AED818CD720E0055CCED</string>
				<string>779181B918C833E200AE1019</string>
				<string>779181BA18C833E200AE1019</string>
				<string>2786509D18B59B6C00EA6E2F</string>
				<string>2786509E18B59B6C00EA6E2F</string>
			</array>
			<key>isa</key>
			<string>PBXGroup</string>
			<key>name</key>
			<string>Images</string>
			<key>sourceTree</key>
			<string>&lt;group&gt;</string>
		</dict>
		<key>779181B918C833E200AE1019</key>
		<dict>
			<key>isa</key>
			<string>PBXFileReference</string>
			<key>lastKnownFileType</key>
			<string>image.png</string>
			<key>path</key>
			<string>bar-mid.png</string>
			<key>sourceTree</key>
			<string>&lt;group&gt;</string>
		</dict>
		<key>779181BA18C833E200AE1019</key>
		<dict>
			<key>isa</key>
			<string>PBXFileReference</string>
			<key>lastKnownFileType</key>
			<string>image.png</string>
			<key>path</key>
			<string>bar-mid@2x.png</string>
			<key>sourceTree</key>
			<string>&lt;group&gt;</string>
		</dict>
		<key>779181BB18C833E200AE1019</key>
		<dict>
			<key>fileRef</key>
			<string>779181B918C833E200AE1019</string>
			<key>isa</key>
			<string>PBXBuildFile</string>
		</dict>
		<key>779181BC18C833E200AE1019</key>
		<dict>
			<key>fileRef</key>
			<string>779181BA18C833E200AE1019</string>
			<key>isa</key>
			<string>PBXBuildFile</string>
		</dict>
		<key>HYXIFWTDXJPPRRMDCEPMDTJH</key>
		<dict>
			<key>isa</key>
			<string>PBXFileReference</string>
			<key>lastKnownFileType</key>
			<string>wrapper.framework</string>
			<key>name</key>
			<string>SparkInspector.framework</string>
			<key>path</key>
			<string>/Applications/Spark Inspector.app/Contents/Resources/Frameworks/SparkInspector.framework</string>
			<key>sourceTree</key>
			<string>&lt;group&gt;</string>
		</dict>
	</dict>
	<key>rootObject</key>
	<string>7787CEF718806ECE004F495E</string>
</dict>
</plist>
